
Microsoft Visual Studio Solution File, Format Version 12.00
# Visual Studio Version 17
VisualStudioVersion = 17.4.33110.190
MinimumVisualStudioVersion = 10.0.40219.1
Project("{FAE04EC0-301F-11D3-BF4B-00C04F79EFBC}") = "WebAPIDemo", "WebAPIDemo\WebAPIDemo.csproj", "{704C1C1B-5DB3-45D4-8A45-CD9979032239}"
EndProject
Global
	GlobalSection(SolutionConfigurationPlatforms) = preSolution
		Debug|Any CPU = Debug|Any CPU
		Release|Any CPU = Release|Any CPU
	EndGlobalSection
	GlobalSection(ProjectConfigurationPlatforms) = postSolution
		{704C1C1B-5DB3-45D4-8A45-CD9979032239}.Debug|Any CPU.ActiveCfg = Debug|Any CPU
		{704C1C1B-5DB3-45D4-8A45-CD9979032239}.Debug|Any CPU.Build.0 = Debug|Any CPU
		{704C1C1B-5DB3-45D4-8A45-CD9979032239}.Release|Any CPU.ActiveCfg = Release|Any CPU
		{704C1C1B-5DB3-45D4-8A45-CD9979032239}.Release|Any CPU.Build.0 = Release|Any CPU
	EndGlobalSection
	GlobalSection(SolutionProperties) = preSolution
		HideSolutionNode = FALSE
	EndGlobalSection
	GlobalSection(ExtensibilityGlobals) = postSolution
		SolutionGuid = {506A2835-2968-42F9-8720-AB1E33601E84}
	EndGlobalSection
EndGlobal
